
Microsoft Visual Studio Solution File, Format Version 12.00
# Visual Studio Version 17
VisualStudioVersion = 17.9.34728.123
MinimumVisualStudioVersion = 10.0.40219.1
Project("{9A19103F-16F7-4668-BE54-9A1E7A4F7556}") = "CalculateApp", "CalculateApp\CalculateApp\CalculateApp.csproj", "{8B9E4597-7FD0-4018-AFC3-F6F54127465B}"
EndProject
Project("{9A19103F-16F7-4668-BE54-9A1E7A4F7556}") = "CalculateApp.Client", "CalculateApp\CalculateApp.Client\CalculateApp.Client.csproj", "{AA40D571-0B51-46B3-86BC-6F8497DF4907}"
EndProject
Global
	GlobalSection(SolutionConfigurationPlatforms) = preSolution
		Debug|Any CPU = Debug|Any CPU
		Release|Any CPU = Release|Any CPU
	EndGlobalSection
	GlobalSection(ProjectConfigurationPlatforms) = postSolution
		{8B9E4597-7FD0-4018-AFC3-F6F54127465B}.Debug|Any CPU.ActiveCfg = Debug|Any CPU
		{8B9E4597-7FD0-4018-AFC3-F6F54127465B}.Debug|Any CPU.Build.0 = Debug|Any CPU
		{8B9E4597-7FD0-4018-AFC3-F6F54127465B}.Release|Any CPU.ActiveCfg = Release|Any CPU
		{8B9E4597-7FD0-4018-AFC3-F6F54127465B}.Release|Any CPU.Build.0 = Release|Any CPU
		{AA40D571-0B51-46B3-86BC-6F8497DF4907}.Debug|Any CPU.ActiveCfg = Debug|Any CPU
		{AA40D571-0B51-46B3-86BC-6F8497DF4907}.Debug|Any CPU.Build.0 = Debug|Any CPU
		{AA40D571-0B51-46B3-86BC-6F8497DF4907}.Release|Any CPU.ActiveCfg = Release|Any CPU
		{AA40D571-0B51-46B3-86BC-6F8497DF4907}.Release|Any CPU.Build.0 = Release|Any CPU
	EndGlobalSection
	GlobalSection(SolutionProperties) = preSolution
		HideSolutionNode = FALSE
	EndGlobalSection
	GlobalSection(ExtensibilityGlobals) = postSolution
		SolutionGuid = {E0E5892A-90D8-4368-A18A-6688AB55B172}
	EndGlobalSection
EndGlobal
